
Microsoft Visual Studio Solution File, Format Version 12.00
Project("{F2A71F9B-5D33-465A-A702-920D77279786}") = "EntryPointAPI", "EntryPointAPI\EntryPointAPI.fsproj", "{B003DF19-84B9-4C15-B40F-562D8C985F1A}"
EndProject
Project("{F2A71F9B-5D33-465A-A702-920D77279786}") = "OnboardingProcessor", "OnboardingProcessor\OnboardingProcessor.fsproj", "{03DE90A6-2042-4110-8D51-A02BA35B06A5}"
EndProject
Project("{F2A71F9B-5D33-465A-A702-920D77279786}") = "OnboardingMessages", "OnboardingMessages\OnboardingMessages.fsproj", "{1ABA576A-D62B-4645-AEAE-CD7CA66EE898}"
EndProject
Global
	GlobalSection(SolutionConfigurationPlatforms) = preSolution
		Debug|Any CPU = Debug|Any CPU
		Release|Any CPU = Release|Any CPU
	EndGlobalSection
	GlobalSection(ProjectConfigurationPlatforms) = postSolution
		{B003DF19-84B9-4C15-B40F-562D8C985F1A}.Debug|Any CPU.ActiveCfg = Debug|Any CPU
		{B003DF19-84B9-4C15-B40F-562D8C985F1A}.Debug|Any CPU.Build.0 = Debug|Any CPU
		{B003DF19-84B9-4C15-B40F-562D8C985F1A}.Release|Any CPU.ActiveCfg = Release|Any CPU
		{B003DF19-84B9-4C15-B40F-562D8C985F1A}.Release|Any CPU.Build.0 = Release|Any CPU
		{03DE90A6-2042-4110-8D51-A02BA35B06A5}.Debug|Any CPU.ActiveCfg = Debug|Any CPU
		{03DE90A6-2042-4110-8D51-A02BA35B06A5}.Debug|Any CPU.Build.0 = Debug|Any CPU
		{03DE90A6-2042-4110-8D51-A02BA35B06A5}.Release|Any CPU.ActiveCfg = Release|Any CPU
		{03DE90A6-2042-4110-8D51-A02BA35B06A5}.Release|Any CPU.Build.0 = Release|Any CPU
		{1ABA576A-D62B-4645-AEAE-CD7CA66EE898}.Debug|Any CPU.ActiveCfg = Debug|Any CPU
		{1ABA576A-D62B-4645-AEAE-CD7CA66EE898}.Debug|Any CPU.Build.0 = Debug|Any CPU
		{1ABA576A-D62B-4645-AEAE-CD7CA66EE898}.Release|Any CPU.ActiveCfg = Release|Any CPU
		{1ABA576A-D62B-4645-AEAE-CD7CA66EE898}.Release|Any CPU.Build.0 = Release|Any CPU
	EndGlobalSection
EndGlobal
