
Microsoft Visual Studio Solution File, Format Version 12.00
# Visual Studio 15
VisualStudioVersion = 15.0.27004.2008
MinimumVisualStudioVersion = 10.0.40219.1
Project("{FAE04EC0-301F-11D3-BF4B-00C04F79EFBC}") = "UnitOfWork", "UnitOfWork\UnitOfWork.csproj", "{9A4B2759-A4FC-428E-B399-AD37EFBC05FC}"
EndProject
Project("{2150E333-8FDC-42A3-9474-1A3956D46DE8}") = "Solution Items", "Solution Items", "{14F51CB6-B660-4F2B-80EC-969B0D71B658}"
	ProjectSection(SolutionItems) = preProject
		..\TimePrinter\README.md = ..\TimePrinter\README.md
		README.md = README.md
	EndProjectSection
EndProject
Global
	GlobalSection(SolutionConfigurationPlatforms) = preSolution
		Debug|Any CPU = Debug|Any CPU
		Release|Any CPU = Release|Any CPU
	EndGlobalSection
	GlobalSection(ProjectConfigurationPlatforms) = postSolution
		{9A4B2759-A4FC-428E-B399-AD37EFBC05FC}.Debug|Any CPU.ActiveCfg = Debug|Any CPU
		{9A4B2759-A4FC-428E-B399-AD37EFBC05FC}.Debug|Any CPU.Build.0 = Debug|Any CPU
		{9A4B2759-A4FC-428E-B399-AD37EFBC05FC}.Release|Any CPU.ActiveCfg = Release|Any CPU
		{9A4B2759-A4FC-428E-B399-AD37EFBC05FC}.Release|Any CPU.Build.0 = Release|Any CPU
	EndGlobalSection
	GlobalSection(SolutionProperties) = preSolution
		HideSolutionNode = FALSE
	EndGlobalSection
	GlobalSection(ExtensibilityGlobals) = postSolution
		SolutionGuid = {F4F4F331-1B3F-400A-B0E7-C00E44B2500A}
	EndGlobalSection
EndGlobal
