
Microsoft Visual Studio Solution File, Format Version 12.00
# Visual Studio Version 16
VisualStudioVersion = 16.0.31005.135
MinimumVisualStudioVersion = 10.0.40219.1
Project("{FAE04EC0-301F-11D3-BF4B-00C04F79EFBC}") = "SqlAllTheWay", "SqlAllTheWay\SqlAllTheWay.csproj", "{CA974A5F-7903-4AE0-A5D0-EAE4A685390F}"
EndProject
Global
	GlobalSection(SolutionConfigurationPlatforms) = preSolution
		Debug|Any CPU = Debug|Any CPU
		Release|Any CPU = Release|Any CPU
	EndGlobalSection
	GlobalSection(ProjectConfigurationPlatforms) = postSolution
		{CA974A5F-7903-4AE0-A5D0-EAE4A685390F}.Debug|Any CPU.ActiveCfg = Debug|Any CPU
		{CA974A5F-7903-4AE0-A5D0-EAE4A685390F}.Debug|Any CPU.Build.0 = Debug|Any CPU
		{CA974A5F-7903-4AE0-A5D0-EAE4A685390F}.Release|Any CPU.ActiveCfg = Release|Any CPU
		{CA974A5F-7903-4AE0-A5D0-EAE4A685390F}.Release|Any CPU.Build.0 = Release|Any CPU
	EndGlobalSection
	GlobalSection(SolutionProperties) = preSolution
		HideSolutionNode = FALSE
	EndGlobalSection
	GlobalSection(ExtensibilityGlobals) = postSolution
		SolutionGuid = {8C1E69C1-080A-4336-A040-4B0DC49CDAD4}
	EndGlobalSection
EndGlobal
