
Microsoft Visual Studio Solution File, Format Version 12.00
# Visual Studio 2013
VisualStudioVersion = 12.0.30110.0
MinimumVisualStudioVersion = 10.0.40219.1
Project("{2150E333-8FDC-42A3-9474-1A3956D46DE8}") = ".nuget", ".nuget", "{CA68E342-92F7-4363-8799-5C0231D532EA}"
	ProjectSection(SolutionItems) = preProject
		.nuget\NuGet.Config = .nuget\NuGet.Config
		.nuget\NuGet.exe = .nuget\NuGet.exe
		.nuget\NuGet.targets = .nuget\NuGet.targets
	EndProjectSection
EndProject
Project("{2150E333-8FDC-42A3-9474-1A3956D46DE8}") = "Solution Items", "Solution Items", "{EA933AC8-998E-49EA-840D-3C2EF955D874}"
	ProjectSection(SolutionItems) = preProject
		README.md = README.md
	EndProjectSection
EndProject
Project("{FAE04EC0-301F-11D3-BF4B-00C04F79EFBC}") = "Endpoint1", "Endpoint1\Endpoint1.csproj", "{C3F0C004-0804-440B-A418-F6B63C8D10FB}"
EndProject
Project("{FAE04EC0-301F-11D3-BF4B-00C04F79EFBC}") = "Shared", "Shared\Shared.csproj", "{BD1673E9-3E66-45C4-9C93-A04DB24849D4}"
EndProject
Global
	GlobalSection(SolutionConfigurationPlatforms) = preSolution
		Debug|Any CPU = Debug|Any CPU
		Release|Any CPU = Release|Any CPU
	EndGlobalSection
	GlobalSection(ProjectConfigurationPlatforms) = postSolution
		{C3F0C004-0804-440B-A418-F6B63C8D10FB}.Debug|Any CPU.ActiveCfg = Debug|Any CPU
		{C3F0C004-0804-440B-A418-F6B63C8D10FB}.Debug|Any CPU.Build.0 = Debug|Any CPU
		{C3F0C004-0804-440B-A418-F6B63C8D10FB}.Release|Any CPU.ActiveCfg = Release|Any CPU
		{C3F0C004-0804-440B-A418-F6B63C8D10FB}.Release|Any CPU.Build.0 = Release|Any CPU
		{BD1673E9-3E66-45C4-9C93-A04DB24849D4}.Debug|Any CPU.ActiveCfg = Debug|Any CPU
		{BD1673E9-3E66-45C4-9C93-A04DB24849D4}.Debug|Any CPU.Build.0 = Debug|Any CPU
		{BD1673E9-3E66-45C4-9C93-A04DB24849D4}.Release|Any CPU.ActiveCfg = Release|Any CPU
		{BD1673E9-3E66-45C4-9C93-A04DB24849D4}.Release|Any CPU.Build.0 = Release|Any CPU
	EndGlobalSection
	GlobalSection(SolutionProperties) = preSolution
		HideSolutionNode = FALSE
	EndGlobalSection
EndGlobal
