
Microsoft Visual Studio Solution File, Format Version 12.00
# Visual Studio Version 17
VisualStudioVersion = 17.9.34728.123
MinimumVisualStudioVersion = 10.0.40219.1
Project("{2150E333-8FDC-42A3-9474-1A3956D46DE8}") = "Solution Items", "Solution Items", "{38B04808-A0C5-46B5-9632-E9D6938AA9EB}"
	ProjectSection(SolutionItems) = preProject
		Directory.Build.props = Directory.Build.props
		README.md = README.md
	EndProjectSection
EndProject
Project("{9A19103F-16F7-4668-BE54-9A1E7A4F7556}") = "Producer", "Producer\Producer.csproj", "{5C939739-F02C-4197-96B9-E92E537999C6}"
EndProject
Project("{9A19103F-16F7-4668-BE54-9A1E7A4F7556}") = "Consumer", "Consumer\Consumer.csproj", "{5D2AE824-9457-4C59-8BB5-3F500FB02BBF}"
EndProject
Project("{9A19103F-16F7-4668-BE54-9A1E7A4F7556}") = "Messages", "Messages\Messages.csproj", "{1100218C-4EF6-4ECA-874D-2C524D98F1A9}"
EndProject
Global
	GlobalSection(SolutionConfigurationPlatforms) = preSolution
		Debug|Any CPU = Debug|Any CPU
		Release|Any CPU = Release|Any CPU
	EndGlobalSection
	GlobalSection(ProjectConfigurationPlatforms) = postSolution
		{5C939739-F02C-4197-96B9-E92E537999C6}.Debug|Any CPU.ActiveCfg = Debug|Any CPU
		{5C939739-F02C-4197-96B9-E92E537999C6}.Debug|Any CPU.Build.0 = Debug|Any CPU
		{5C939739-F02C-4197-96B9-E92E537999C6}.Release|Any CPU.ActiveCfg = Release|Any CPU
		{5C939739-F02C-4197-96B9-E92E537999C6}.Release|Any CPU.Build.0 = Release|Any CPU
		{5D2AE824-9457-4C59-8BB5-3F500FB02BBF}.Debug|Any CPU.ActiveCfg = Debug|Any CPU
		{5D2AE824-9457-4C59-8BB5-3F500FB02BBF}.Debug|Any CPU.Build.0 = Debug|Any CPU
		{5D2AE824-9457-4C59-8BB5-3F500FB02BBF}.Release|Any CPU.ActiveCfg = Release|Any CPU
		{5D2AE824-9457-4C59-8BB5-3F500FB02BBF}.Release|Any CPU.Build.0 = Release|Any CPU
		{1100218C-4EF6-4ECA-874D-2C524D98F1A9}.Debug|Any CPU.ActiveCfg = Debug|Any CPU
		{1100218C-4EF6-4ECA-874D-2C524D98F1A9}.Debug|Any CPU.Build.0 = Debug|Any CPU
		{1100218C-4EF6-4ECA-874D-2C524D98F1A9}.Release|Any CPU.ActiveCfg = Release|Any CPU
		{1100218C-4EF6-4ECA-874D-2C524D98F1A9}.Release|Any CPU.Build.0 = Release|Any CPU
	EndGlobalSection
	GlobalSection(SolutionProperties) = preSolution
		HideSolutionNode = FALSE
	EndGlobalSection
EndGlobal
