
Microsoft Visual Studio Solution File, Format Version 12.00
# Visual Studio 2013
VisualStudioVersion = 12.0.21005.1
MinimumVisualStudioVersion = 10.0.40219.1
Project("{2150E333-8FDC-42A3-9474-1A3956D46DE8}") = "Solution Items", "Solution Items", "{38B04808-A0C5-46B5-9632-E9D6938AA9EB}"
	ProjectSection(SolutionItems) = preProject
		README.md = README.md
	EndProjectSection
EndProject
Project("{2150E333-8FDC-42A3-9474-1A3956D46DE8}") = ".nuget", ".nuget", "{A52240A8-44D0-4E59-9A2C-5556B1175344}"
	ProjectSection(SolutionItems) = preProject
		.nuget\NuGet.Config = .nuget\NuGet.Config
		.nuget\NuGet.exe = .nuget\NuGet.exe
		.nuget\NuGet.targets = .nuget\NuGet.targets
	EndProjectSection
EndProject
Project("{FAE04EC0-301F-11D3-BF4B-00C04F79EFBC}") = "Messages", "Messages\Messages.csproj", "{1100218C-4EF6-4ECA-874D-2C524D98F1A9}"
EndProject
Project("{FAE04EC0-301F-11D3-BF4B-00C04F79EFBC}") = "Producer", "Producer\Producer.csproj", "{5C939739-F02C-4197-96B9-E92E537999C6}"
EndProject
Project("{FAE04EC0-301F-11D3-BF4B-00C04F79EFBC}") = "Distributor", "Distributor\Distributor.csproj", "{5E692A98-D390-4AE2-941D-EA38F573BB8A}"
EndProject
Project("{FAE04EC0-301F-11D3-BF4B-00C04F79EFBC}") = "Consumer1", "Consumer1\Consumer1.csproj", "{5D2AE824-9457-4C59-8BB5-3F500FB02BBF}"
EndProject
Project("{FAE04EC0-301F-11D3-BF4B-00C04F79EFBC}") = "Consumer2", "Consumer2\Consumer2.csproj", "{D0DAE683-6A48-4EE2-98FA-08D6D414B3FB}"
EndProject
Project("{2150E333-8FDC-42A3-9474-1A3956D46DE8}") = "Consumers", "Consumers", "{214D652E-7C79-4D91-B5EC-229858E5EF4E}"
EndProject
Global
	GlobalSection(SolutionConfigurationPlatforms) = preSolution
		Debug|Any CPU = Debug|Any CPU
		Release|Any CPU = Release|Any CPU
	EndGlobalSection
	GlobalSection(ProjectConfigurationPlatforms) = postSolution
		{1100218C-4EF6-4ECA-874D-2C524D98F1A9}.Debug|Any CPU.ActiveCfg = Debug|Any CPU
		{1100218C-4EF6-4ECA-874D-2C524D98F1A9}.Debug|Any CPU.Build.0 = Debug|Any CPU
		{1100218C-4EF6-4ECA-874D-2C524D98F1A9}.Release|Any CPU.ActiveCfg = Release|Any CPU
		{1100218C-4EF6-4ECA-874D-2C524D98F1A9}.Release|Any CPU.Build.0 = Release|Any CPU
		{5C939739-F02C-4197-96B9-E92E537999C6}.Debug|Any CPU.ActiveCfg = Debug|Any CPU
		{5C939739-F02C-4197-96B9-E92E537999C6}.Debug|Any CPU.Build.0 = Debug|Any CPU
		{5C939739-F02C-4197-96B9-E92E537999C6}.Release|Any CPU.ActiveCfg = Release|Any CPU
		{5C939739-F02C-4197-96B9-E92E537999C6}.Release|Any CPU.Build.0 = Release|Any CPU
		{5E692A98-D390-4AE2-941D-EA38F573BB8A}.Debug|Any CPU.ActiveCfg = Debug|Any CPU
		{5E692A98-D390-4AE2-941D-EA38F573BB8A}.Debug|Any CPU.Build.0 = Debug|Any CPU
		{5E692A98-D390-4AE2-941D-EA38F573BB8A}.Release|Any CPU.ActiveCfg = Release|Any CPU
		{5E692A98-D390-4AE2-941D-EA38F573BB8A}.Release|Any CPU.Build.0 = Release|Any CPU
		{5D2AE824-9457-4C59-8BB5-3F500FB02BBF}.Debug|Any CPU.ActiveCfg = Debug|Any CPU
		{5D2AE824-9457-4C59-8BB5-3F500FB02BBF}.Debug|Any CPU.Build.0 = Debug|Any CPU
		{5D2AE824-9457-4C59-8BB5-3F500FB02BBF}.Release|Any CPU.ActiveCfg = Release|Any CPU
		{5D2AE824-9457-4C59-8BB5-3F500FB02BBF}.Release|Any CPU.Build.0 = Release|Any CPU
		{D0DAE683-6A48-4EE2-98FA-08D6D414B3FB}.Debug|Any CPU.ActiveCfg = Debug|Any CPU
		{D0DAE683-6A48-4EE2-98FA-08D6D414B3FB}.Debug|Any CPU.Build.0 = Debug|Any CPU
		{D0DAE683-6A48-4EE2-98FA-08D6D414B3FB}.Release|Any CPU.ActiveCfg = Release|Any CPU
		{D0DAE683-6A48-4EE2-98FA-08D6D414B3FB}.Release|Any CPU.Build.0 = Release|Any CPU
	EndGlobalSection
	GlobalSection(SolutionProperties) = preSolution
		HideSolutionNode = FALSE
	EndGlobalSection
	GlobalSection(NestedProjects) = preSolution
		{D0DAE683-6A48-4EE2-98FA-08D6D414B3FB} = {214D652E-7C79-4D91-B5EC-229858E5EF4E}
		{5D2AE824-9457-4C59-8BB5-3F500FB02BBF} = {214D652E-7C79-4D91-B5EC-229858E5EF4E}
	EndGlobalSection
EndGlobal
