
Microsoft Visual Studio Solution File, Format Version 12.00
# Visual Studio Version 16
VisualStudioVersion = 16.0.29709.97
MinimumVisualStudioVersion = 10.0.40219.1
Project("{2150E333-8FDC-42A3-9474-1A3956D46DE8}") = ".nuget", ".nuget", "{CA68E342-92F7-4363-8799-5C0231D532EA}"
	ProjectSection(SolutionItems) = preProject
		.nuget\NuGet.Config = .nuget\NuGet.Config
		.nuget\NuGet.exe = .nuget\NuGet.exe
		.nuget\NuGet.targets = .nuget\NuGet.targets
	EndProjectSection
EndProject
Project("{FAE04EC0-301F-11D3-BF4B-00C04F79EFBC}") = "TimePrinter", "TimePrinter\TimePrinter.csproj", "{464E78AA-0EDF-4434-9726-9BBA7DB54657}"
EndProject
Project("{2150E333-8FDC-42A3-9474-1A3956D46DE8}") = "Solution Items", "Solution Items", "{14F51CB6-B660-4F2B-80EC-969B0D71B658}"
	ProjectSection(SolutionItems) = preProject
		README.md = README.md
	EndProjectSection
EndProject
Global
	GlobalSection(SolutionConfigurationPlatforms) = preSolution
		Debug|x86 = Debug|x86
		Release|x86 = Release|x86
	EndGlobalSection
	GlobalSection(ProjectConfigurationPlatforms) = postSolution
		{464E78AA-0EDF-4434-9726-9BBA7DB54657}.Debug|x86.ActiveCfg = Debug|x86
		{464E78AA-0EDF-4434-9726-9BBA7DB54657}.Debug|x86.Build.0 = Debug|x86
		{464E78AA-0EDF-4434-9726-9BBA7DB54657}.Release|x86.ActiveCfg = Release|x86
		{464E78AA-0EDF-4434-9726-9BBA7DB54657}.Release|x86.Build.0 = Release|x86
	EndGlobalSection
	GlobalSection(SolutionProperties) = preSolution
		HideSolutionNode = FALSE
	EndGlobalSection
	GlobalSection(ExtensibilityGlobals) = postSolution
		SolutionGuid = {C59B236D-319C-44BB-B9D3-0ED81DBA9DA2}
	EndGlobalSection
EndGlobal
